// !$*UTF8*$!
{
	archiveVersion = 1;
	classes = {
	};
	objectVersion = 50;
	objects = {

/* Begin PBXBuildFile section */
		39785F4E2408EC13002DCE2C /* AppDelegate.swift in Sources */ = {isa = PBXBuildFile; fileRef = 39785F4D2408EC13002DCE2C /* AppDelegate.swift */; };
		39785F502408EC13002DCE2C /* SceneDelegate.swift in Sources */ = {isa = PBXBuildFile; fileRef = 39785F4F2408EC13002DCE2C /* SceneDelegate.swift */; };
		39785F522408EC13002DCE2C /* ViewController.swift in Sources */ = {isa = PBXBuildFile; fileRef = 39785F512408EC13002DCE2C /* ViewController.swift */; };
		39785F552408EC13002DCE2C /* Main.storyboard in Resources */ = {isa = PBXBuildFile; fileRef = 39785F532408EC13002DCE2C /* Main.storyboard */; };
		39785F582408EC13002DCE2C /* MediaMagicMachineTest.xcdatamodeld in Sources */ = {isa = PBXBuildFile; fileRef = 39785F562408EC13002DCE2C /* MediaMagicMachineTest.xcdatamodeld */; };
		39785F5A2408EC14002DCE2C /* Assets.xcassets in Resources */ = {isa = PBXBuildFile; fileRef = 39785F592408EC14002DCE2C /* Assets.xcassets */; };
		39785F5D2408EC14002DCE2C /* LaunchScreen.storyboard in Resources */ = {isa = PBXBuildFile; fileRef = 39785F5B2408EC14002DCE2C /* LaunchScreen.storyboard */; };
		39785F682408EC15002DCE2C /* MediaMagicMachineTestTests.swift in Sources */ = {isa = PBXBuildFile; fileRef = 39785F672408EC15002DCE2C /* MediaMagicMachineTestTests.swift */; };
		39785F732408EC15002DCE2C /* MediaMagicMachineTestUITests.swift in Sources */ = {isa = PBXBuildFile; fileRef = 39785F722408EC15002DCE2C /* MediaMagicMachineTestUITests.swift */; };
/* End PBXBuildFile section */

/* Begin PBXContainerItemProxy section */
		39785F642408EC15002DCE2C /* PBXContainerItemProxy */ = {
			isa = PBXContainerItemProxy;
			containerPortal = 39785F422408EC13002DCE2C /* Project object */;
			proxyType = 1;
			remoteGlobalIDString = 39785F492408EC13002DCE2C;
			remoteInfo = MediaMagicMachineTest;
		};
		39785F6F2408EC15002DCE2C /* PBXContainerItemProxy */ = {
			isa = PBXContainerItemProxy;
			containerPortal = 39785F422408EC13002DCE2C /* Project object */;
			proxyType = 1;
			remoteGlobalIDString = 39785F492408EC13002DCE2C;
			remoteInfo = MediaMagicMachineTest;
		};
/* End PBXContainerItemProxy section */

/* Begin PBXFileReference section */
		39785F4A2408EC13002DCE2C /* MediaMagicMachineTest.app */ = {isa = PBXFileReference; explicitFileType = wrapper.application; includeInIndex = 0; path = MediaMagicMachineTest.app; sourceTree = BUILT_PRODUCTS_DIR; };
		39785F4D2408EC13002DCE2C /* AppDelegate.swift */ = {isa = PBXFileReference; lastKnownFileType = sourcecode.swift; path = AppDelegate.swift; sourceTree = "<group>"; };
		39785F4F2408EC13002DCE2C /* SceneDelegate.swift */ = {isa = PBXFileReference; lastKnownFileType = sourcecode.swift; path = SceneDelegate.swift; sourceTree = "<group>"; };
		39785F512408EC13002DCE2C /* ViewController.swift */ = {isa = PBXFileReference; lastKnownFileType = sourcecode.swift; path = ViewController.swift; sourceTree = "<group>"; };
		39785F542408EC13002DCE2C /* Base */ = {isa = PBXFileReference; lastKnownFileType = file.storyboard; name = Base; path = Base.lproj/Main.storyboard; sourceTree = "<group>"; };
		39785F572408EC13002DCE2C /* MediaMagicMachineTest.xcdatamodel */ = {isa = PBXFileReference; lastKnownFileType = wrapper.xcdatamodel; path = MediaMagicMachineTest.xcdatamodel; sourceTree = "<group>"; };
		39785F592408EC14002DCE2C /* Assets.xcassets */ = {isa = PBXFileReference; lastKnownFileType = folder.assetcatalog; path = Assets.xcassets; sourceTree = "<group>"; };
		39785F5C2408EC14002DCE2C /* Base */ = {isa = PBXFileReference; lastKnownFileType = file.storyboard; name = Base; path = Base.lproj/LaunchScreen.storyboard; sourceTree = "<group>"; };
		39785F5E2408EC14002DCE2C /* Info.plist */ = {isa = PBXFileReference; lastKnownFileType = text.plist.xml; path = Info.plist; sourceTree = "<group>"; };
		39785F632408EC15002DCE2C /* MediaMagicMachineTestTests.xctest */ = {isa = PBXFileReference; explicitFileType = wrapper.cfbundle; includeInIndex = 0; path = MediaMagicMachineTestTests.xctest; sourceTree = BUILT_PRODUCTS_DIR; };
		39785F672408EC15002DCE2C /* MediaMagicMachineTestTests.swift */ = {isa = PBXFileReference; lastKnownFileType = sourcecode.swift; path = MediaMagicMachineTestTests.swift; sourceTree = "<group>"; };
		39785F692408EC15002DCE2C /* Info.plist */ = {isa = PBXFileReference; lastKnownFileType = text.plist.xml; path = Info.plist; sourceTree = "<group>"; };
		39785F6E2408EC15002DCE2C /* MediaMagicMachineTestUITests.xctest */ = {isa = PBXFileReference; explicitFileType = wrapper.cfbundle; includeInIndex = 0; path = MediaMagicMachineTestUITests.xctest; sourceTree = BUILT_PRODUCTS_DIR; };
		39785F722408EC15002DCE2C /* MediaMagicMachineTestUITests.swift */ = {isa = PBXFileReference; lastKnownFileType = sourcecode.swift; path = MediaMagicMachineTestUITests.swift; sourceTree = "<group>"; };
		39785F742408EC15002DCE2C /* Info.plist */ = {isa = PBXFileReference; lastKnownFileType = text.plist.xml; path = Info.plist; sourceTree = "<group>"; };
/* End PBXFileReference section */

/* Begin PBXFrameworksBuildPhase section */
		39785F472408EC13002DCE2C /* Frameworks */ = {
			isa = PBXFrameworksBuildPhase;
			buildActionMask = 2147483647;
			files = (
			);
			runOnlyForDeploymentPostprocessing = 0;
		};
		39785F602408EC15002DCE2C /* Frameworks */ = {
			isa = PBXFrameworksBuildPhase;
			buildActionMask = 2147483647;
			files = (
			);
			runOnlyForDeploymentPostprocessing = 0;
		};
		39785F6B2408EC15002DCE2C /* Frameworks */ = {
			isa = PBXFrameworksBuildPhase;
			buildActionMask = 2147483647;
			files = (
			);
			runOnlyForDeploymentPostprocessing = 0;
		};
/* End PBXFrameworksBuildPhase section */

/* Begin PBXGroup section */
		39785F412408EC13002DCE2C = {
			isa = PBXGroup;
			children = (
				39785F4C2408EC13002DCE2C /* MediaMagicMachineTest */,
				39785F662408EC15002DCE2C /* MediaMagicMachineTestTests */,
				39785F712408EC15002DCE2C /* MediaMagicMachineTestUITests */,
				39785F4B2408EC13002DCE2C /* Products */,
			);
			sourceTree = "<group>";
		};
		39785F4B2408EC13002DCE2C /* Products */ = {
			isa = PBXGroup;
			children = (
				39785F4A2408EC13002DCE2C /* MediaMagicMachineTest.app */,
				39785F632408EC15002DCE2C /* MediaMagicMachineTestTests.xctest */,
				39785F6E2408EC15002DCE2C /* MediaMagicMachineTestUITests.xctest */,
			);
			name = Products;
			sourceTree = "<group>";
		};
		39785F4C2408EC13002DCE2C /* MediaMagicMachineTest */ = {
			isa = PBXGroup;
			children = (
				39785F4D2408EC13002DCE2C /* AppDelegate.swift */,
				39785F4F2408EC13002DCE2C /* SceneDelegate.swift */,
				39785F512408EC13002DCE2C /* ViewController.swift */,
				39785F532408EC13002DCE2C /* Main.storyboard */,
				39785F592408EC14002DCE2C /* Assets.xcassets */,
				39785F5B2408EC14002DCE2C /* LaunchScreen.storyboard */,
				39785F5E2408EC14002DCE2C /* Info.plist */,
				39785F562408EC13002DCE2C /* MediaMagicMachineTest.xcdatamodeld */,
			);
			path = MediaMagicMachineTest;
			sourceTree = "<group>";
		};
		39785F662408EC15002DCE2C /* MediaMagicMachineTestTests */ = {
			isa = PBXGroup;
			children = (
				39785F672408EC15002DCE2C /* MediaMagicMachineTestTests.swift */,
				39785F692408EC15002DCE2C /* Info.plist */,
			);
			path = MediaMagicMachineTestTests;
			sourceTree = "<group>";
		};
		39785F712408EC15002DCE2C /* MediaMagicMachineTestUITests */ = {
			isa = PBXGroup;
			children = (
				39785F722408EC15002DCE2C /* MediaMagicMachineTestUITests.swift */,
				39785F742408EC15002DCE2C /* Info.plist */,
			);
			path = MediaMagicMachineTestUITests;
			sourceTree = "<group>";
		};
/* End PBXGroup section */

/* Begin PBXNativeTarget section */
		39785F492408EC13002DCE2C /* MediaMagicMachineTest */ = {
			isa = PBXNativeTarget;
			buildConfigurationList = 39785F772408EC15002DCE2C /* Build configuration list for PBXNativeTarget "MediaMagicMachineTest" */;
			buildPhases = (
				39785F462408EC13002DCE2C /* Sources */,
				39785F472408EC13002DCE2C /* Frameworks */,
				39785F482408EC13002DCE2C /* Resources */,
			);
			buildRules = (
			);
			dependencies = (
			);
			name = MediaMagicMachineTest;
			productName = MediaMagicMachineTest;
			productReference = 39785F4A2408EC13002DCE2C /* MediaMagicMachineTest.app */;
			productType = "com.apple.product-type.application";
		};
		39785F622408EC15002DCE2C /* MediaMagicMachineTestTests */ = {
			isa = PBXNativeTarget;
			buildConfigurationList = 39785F7A2408EC15002DCE2C /* Build configuration list for PBXNativeTarget "MediaMagicMachineTestTests" */;
			buildPhases = (
				39785F5F2408EC15002DCE2C /* Sources */,
				39785F602408EC15002DCE2C /* Frameworks */,
				39785F612408EC15002DCE2C /* Resources */,
			);
			buildRules = (
			);
			dependencies = (
				39785F652408EC15002DCE2C /* PBXTargetDependency */,
			);
			name = MediaMagicMachineTestTests;
			productName = MediaMagicMachineTestTests;
			productReference = 39785F632408EC15002DCE2C /* MediaMagicMachineTestTests.xctest */;
			productType = "com.apple.product-type.bundle.unit-test";
		};
		39785F6D2408EC15002DCE2C /* MediaMagicMachineTestUITests */ = {
			isa = PBXNativeTarget;
			buildConfigurationList = 39785F7D2408EC15002DCE2C /* Build configuration list for PBXNativeTarget "MediaMagicMachineTestUITests" */;
			buildPhases = (
				39785F6A2408EC15002DCE2C /* Sources */,
				39785F6B2408EC15002DCE2C /* Frameworks */,
				39785F6C2408EC15002DCE2C /* Resources */,
			);
			buildRules = (
			);
			dependencies = (
				39785F702408EC15002DCE2C /* PBXTargetDependency */,
			);
			name = MediaMagicMachineTestUITests;
			productName = MediaMagicMachineTestUITests;
			productReference = 39785F6E2408EC15002DCE2C /* MediaMagicMachineTestUITests.xctest */;
			productType = "com.apple.product-type.bundle.ui-testing";
		};
/* End PBXNativeTarget section */

/* Begin PBXProject section */
		39785F422408EC13002DCE2C /* Project object */ = {
			isa = PBXProject;
			attributes = {
				LastSwiftUpdateCheck = 1100;
				LastUpgradeCheck = 1100;
				ORGANIZATIONNAME = "Ashwini Mukade";
				TargetAttributes = {
					39785F492408EC13002DCE2C = {
						CreatedOnToolsVersion = 11.0;
					};
					39785F622408EC15002DCE2C = {
						CreatedOnToolsVersion = 11.0;
						TestTargetID = 39785F492408EC13002DCE2C;
					};
					39785F6D2408EC15002DCE2C = {
						CreatedOnToolsVersion = 11.0;
						TestTargetID = 39785F492408EC13002DCE2C;
					};
				};
			};
			buildConfigurationList = 39785F452408EC13002DCE2C /* Build configuration list for PBXProject "MediaMagicMachineTest" */;
			compatibilityVersion = "Xcode 9.3";
			developmentRegion = en;
			hasScannedForEncodings = 0;
			knownRegions = (
				en,
				Base,
			);
			mainGroup = 39785F412408EC13002DCE2C;
			productRefGroup = 39785F4B2408EC13002DCE2C /* Products */;
			projectDirPath = "";
			projectRoot = "";
			targets = (
				39785F492408EC13002DCE2C /* MediaMagicMachineTest */,
				39785F622408EC15002DCE2C /* MediaMagicMachineTestTests */,
				39785F6D2408EC15002DCE2C /* MediaMagicMachineTestUITests */,
			);
		};
/* End PBXProject section */

/* Begin PBXResourcesBuildPhase section */
		39785F482408EC13002DCE2C /* Resources */ = {
			isa = PBXResourcesBuildPhase;
			buildActionMask = 2147483647;
			files = (
				39785F5D2408EC14002DCE2C /* LaunchScreen.storyboard in Resources */,
				39785F5A2408EC14002DCE2C /* Assets.xcassets in Resources */,
				39785F552408EC13002DCE2C /* Main.storyboard in Resources */,
			);
			runOnlyForDeploymentPostprocessing = 0;
		};
		39785F612408EC15002DCE2C /* Resources */ = {
			isa = PBXResourcesBuildPhase;
			buildActionMask = 2147483647;
			files = (
			);
			runOnlyForDeploymentPostprocessing = 0;
		};
		39785F6C2408EC15002DCE2C /* Resources */ = {
			isa = PBXResourcesBuildPhase;
			buildActionMask = 2147483647;
			files = (
			);
			runOnlyForDeploymentPostprocessing = 0;
		};
/* End PBXResourcesBuildPhase section */

/* Begin PBXSourcesBuildPhase section */
		39785F462408EC13002DCE2C /* Sources */ = {
			isa = PBXSourcesBuildPhase;
			buildActionMask = 2147483647;
			files = (
				39785F582408EC13002DCE2C /* MediaMagicMachineTest.xcdatamodeld in Sources */,
				39785F522408EC13002DCE2C /* ViewController.swift in Sources */,
				39785F4E2408EC13002DCE2C /* AppDelegate.swift in Sources */,
				39785F502408EC13002DCE2C /* SceneDelegate.swift in Sources */,
			);
			runOnlyForDeploymentPostprocessing = 0;
		};
		39785F5F2408EC15002DCE2C /* Sources */ = {
			isa = PBXSourcesBuildPhase;
			buildActionMask = 2147483647;
			files = (
				39785F682408EC15002DCE2C /* MediaMagicMachineTestTests.swift in Sources */,
			);
			runOnlyForDeploymentPostprocessing = 0;
		};
		39785F6A2408EC15002DCE2C /* Sources */ = {
			isa = PBXSourcesBuildPhase;
			buildActionMask = 2147483647;
			files = (
				39785F732408EC15002DCE2C /* MediaMagicMachineTestUITests.swift in Sources */,
			);
			runOnlyForDeploymentPostprocessing = 0;
		};
/* End PBXSourcesBuildPhase section */

/* Begin PBXTargetDependency section */
		39785F652408EC15002DCE2C /* PBXTargetDependency */ = {
			isa = PBXTargetDependency;
			target = 39785F492408EC13002DCE2C /* MediaMagicMachineTest */;
			targetProxy = 39785F642408EC15002DCE2C /* PBXContainerItemProxy */;
		};
		39785F702408EC15002DCE2C /* PBXTargetDependency */ = {
			isa = PBXTargetDependency;
			target = 39785F492408EC13002DCE2C /* MediaMagicMachineTest */;
			targetProxy = 39785F6F2408EC15002DCE2C /* PBXContainerItemProxy */;
		};
/* End PBXTargetDependency section */

/* Begin PBXVariantGroup section */
		39785F532408EC13002DCE2C /* Main.storyboard */ = {
			isa = PBXVariantGroup;
			children = (
				39785F542408EC13002DCE2C /* Base */,
			);
			name = Main.storyboard;
			sourceTree = "<group>";
		};
		39785F5B2408EC14002DCE2C /* LaunchScreen.storyboard */ = {
			isa = PBXVariantGroup;
			children = (
				39785F5C2408EC14002DCE2C /* Base */,
			);
			name = LaunchScreen.storyboard;
			sourceTree = "<group>";
		};
/* End PBXVariantGroup section */

/* Begin XCBuildConfiguration section */
		39785F752408EC15002DCE2C /* Debug */ = {
			isa = XCBuildConfiguration;
			buildSettings = {
				ALWAYS_SEARCH_USER_PATHS = NO;
				CLANG_ANALYZER_NONNULL = YES;
				CLANG_ANALYZER_NUMBER_OBJECT_CONVERSION = YES_AGGRESSIVE;
				CLANG_CXX_LANGUAGE_STANDARD = "gnu++14";
				CLANG_CXX_LIBRARY = "libc++";
				CLANG_ENABLE_MODULES = YES;
				CLANG_ENABLE_OBJC_ARC = YES;
				CLANG_ENABLE_OBJC_WEAK = YES;
				CLANG_WARN_BLOCK_CAPTURE_AUTORELEASING = YES;
				CLANG_WARN_BOOL_CONVERSION = YES;
				CLANG_WARN_COMMA = YES;
				CLANG_WARN_CONSTANT_CONVERSION = YES;
				CLANG_WARN_DEPRECATED_OBJC_IMPLEMENTATIONS = YES;
				CLANG_WARN_DIRECT_OBJC_ISA_USAGE = YES_ERROR;
				CLANG_WARN_DOCUMENTATION_COMMENTS = YES;
				CLANG_WARN_EMPTY_BODY = YES;
				CLANG_WARN_ENUM_CONVERSION = YES;
				CLANG_WARN_INFINITE_RECURSION = YES;
				CLANG_WARN_INT_CONVERSION = YES;
				CLANG_WARN_NON_LITERAL_NULL_CONVERSION = YES;
				CLANG_WARN_OBJC_IMPLICIT_RETAIN_SELF = YES;
				CLANG_WARN_OBJC_LITERAL_CONVERSION = YES;
				CLANG_WARN_OBJC_ROOT_CLASS = YES_ERROR;
				CLANG_WARN_RANGE_LOOP_ANALYSIS = YES;
				CLANG_WARN_STRICT_PROTOTYPES = YES;
				CLANG_WARN_SUSPICIOUS_MOVE = YES;
				CLANG_WARN_UNGUARDED_AVAILABILITY = YES_AGGRESSIVE;
				CLANG_WARN_UNREACHABLE_CODE = YES;
				CLANG_WARN__DUPLICATE_METHOD_MATCH = YES;
				COPY_PHASE_STRIP = NO;
				DEBUG_INFORMATION_FORMAT = dwarf;
				ENABLE_STRICT_OBJC_MSGSEND = YES;
				ENABLE_TESTABILITY = YES;
				GCC_C_LANGUAGE_STANDARD = gnu11;
				GCC_DYNAMIC_NO_PIC = NO;
				GCC_NO_COMMON_BLOCKS = YES;
				GCC_OPTIMIZATION_LEVEL = 0;
				GCC_PREPROCESSOR_DEFINITIONS = (
					"DEBUG=1",
					"$(inherited)",
				);
				GCC_WARN_64_TO_32_BIT_CONVERSION = YES;
				GCC_WARN_ABOUT_RETURN_TYPE = YES_ERROR;
				GCC_WARN_UNDECLARED_SELECTOR = YES;
				GCC_WARN_UNINITIALIZED_AUTOS = YES_AGGRESSIVE;
				GCC_WARN_UNUSED_FUNCTION = YES;
				GCC_WARN_UNUSED_VARIABLE = YES;
				IPHONEOS_DEPLOYMENT_TARGET = 13.0;
				MTL_ENABLE_DEBUG_INFO = INCLUDE_SOURCE;
				MTL_FAST_MATH = YES;
				ONLY_ACTIVE_ARCH = YES;
				SDKROOT = iphoneos;
				SWIFT_ACTIVE_COMPILATION_CONDITIONS = DEBUG;
				SWIFT_OPTIMIZATION_LEVEL = "-Onone";
			};
			name = Debug;
		};
		39785F762408EC15002DCE2C /* Release */ = {
			isa = XCBuildConfiguration;
			buildSettings = {
				ALWAYS_SEARCH_USER_PATHS = NO;
				CLANG_ANALYZER_NONNULL = YES;
				CLANG_ANALYZER_NUMBER_OBJECT_CONVERSION = YES_AGGRESSIVE;
				CLANG_CXX_LANGUAGE_STANDARD = "gnu++14";
				CLANG_CXX_LIBRARY = "libc++";
				CLANG_ENABLE_MODULES = YES;
				CLANG_ENABLE_OBJC_ARC = YES;
				CLANG_ENABLE_OBJC_WEAK = YES;
				CLANG_WARN_BLOCK_CAPTURE_AUTORELEASING = YES;
				CLANG_WARN_BOOL_CONVERSION = YES;
				CLANG_WARN_COMMA = YES;
				CLANG_WARN_CONSTANT_CONVERSION = YES;
				CLANG_WARN_DEPRECATED_OBJC_IMPLEMENTATIONS = YES;
				CLANG_WARN_DIRECT_OBJC_ISA_USAGE = YES_ERROR;
				CLANG_WARN_DOCUMENTATION_COMMENTS = YES;
				CLANG_WARN_EMPTY_BODY = YES;
				CLANG_WARN_ENUM_CONVERSION = YES;
				CLANG_WARN_INFINITE_RECURSION = YES;
				CLANG_WARN_INT_CONVERSION = YES;
				CLANG_WARN_NON_LITERAL_NULL_CONVERSION = YES;
				CLANG_WARN_OBJC_IMPLICIT_RETAIN_SELF = YES;
				CLANG_WARN_OBJC_LITERAL_CONVERSION = YES;
				CLANG_WARN_OBJC_ROOT_CLASS = YES_ERROR;
				CLANG_WARN_RANGE_LOOP_ANALYSIS = YES;
				CLANG_WARN_STRICT_PROTOTYPES = YES;
				CLANG_WARN_SUSPICIOUS_MOVE = YES;
				CLANG_WARN_UNGUARDED_AVAILABILITY = YES_AGGRESSIVE;
				CLANG_WARN_UNREACHABLE_CODE = YES;
				CLANG_WARN__DUPLICATE_METHOD_MATCH = YES;
				COPY_PHASE_STRIP = NO;
				DEBUG_INFORMATION_FORMAT = "dwarf-with-dsym";
				ENABLE_NS_ASSERTIONS = NO;
				ENABLE_STRICT_OBJC_MSGSEND = YES;
				GCC_C_LANGUAGE_STANDARD = gnu11;
				GCC_NO_COMMON_BLOCKS = YES;
				GCC_WARN_64_TO_32_BIT_CONVERSION = YES;
				GCC_WARN_ABOUT_RETURN_TYPE = YES_ERROR;
				GCC_WARN_UNDECLARED_SELECTOR = YES;
				GCC_WARN_UNINITIALIZED_AUTOS = YES_AGGRESSIVE;
				GCC_WARN_UNUSED_FUNCTION = YES;
				GCC_WARN_UNUSED_VARIABLE = YES;
				IPHONEOS_DEPLOYMENT_TARGET = 13.0;
				MTL_ENABLE_DEBUG_INFO = NO;
				MTL_FAST_MATH = YES;
				SDKROOT = iphoneos;
				SWIFT_COMPILATION_MODE = wholemodule;
				SWIFT_OPTIMIZATION_LEVEL = "-O";
				VALIDATE_PRODUCT = YES;
			};
			name = Release;
		};
		39785F782408EC15002DCE2C /* Debug */ = {
			isa = XCBuildConfiguration;
			buildSettings = {
				ASSETCATALOG_COMPILER_APPICON_NAME = AppIcon;
				CODE_SIGN_STYLE = Automatic;
				DEVELOPMENT_TEAM = 62Z9HRH9G6;
				INFOPLIST_FILE = MediaMagicMachineTest/Info.plist;
				LD_RUNPATH_SEARCH_PATHS = (
					"$(inherited)",
					"@executable_path/Frameworks",
				);
				PRODUCT_BUNDLE_IDENTIFIER = Yantramatic.MediaMagicMachineTest;
				PRODUCT_NAME = "$(TARGET_NAME)";
				SWIFT_VERSION = 5.0;
				TARGETED_DEVICE_FAMILY = "1,2";
			};
			name = Debug;
		};
		39785F792408EC15002DCE2C /* Release */ = {
			isa = XCBuildConfiguration;
			buildSettings = {
				ASSETCATALOG_COMPILER_APPICON_NAME = AppIcon;
				CODE_SIGN_STYLE = Automatic;
				DEVELOPMENT_TEAM = 62Z9HRH9G6;
				INFOPLIST_FILE = MediaMagicMachineTest/Info.plist;
				LD_RUNPATH_SEARCH_PATHS = (
					"$(inherited)",
					"@executable_path/Frameworks",
				);
				PRODUCT_BUNDLE_IDENTIFIER = Yantramatic.MediaMagicMachineTest;
				PRODUCT_NAME = "$(TARGET_NAME)";
				SWIFT_VERSION = 5.0;
				TARGETED_DEVICE_FAMILY = "1,2";
			};
			name = Release;
		};
		39785F7B2408EC15002DCE2C /* Debug */ = {
			isa = XCBuildConfiguration;
			buildSettings = {
				ALWAYS_EMBED_SWIFT_STANDARD_LIBRARIES = YES;
				BUNDLE_LOADER = "$(TEST_HOST)";
				CODE_SIGN_STYLE = Automatic;
				DEVELOPMENT_TEAM = 62Z9HRH9G6;
				INFOPLIST_FILE = MediaMagicMachineTestTests/Info.plist;
				IPHONEOS_DEPLOYMENT_TARGET = 13.0;
				LD_RUNPATH_SEARCH_PATHS = (
					"$(inherited)",
					"@executable_path/Frameworks",
					"@loader_path/Frameworks",
				);
				PRODUCT_BUNDLE_IDENTIFIER = Yantramatic.MediaMagicMachineTestTests;
				PRODUCT_NAME = "$(TARGET_NAME)";
				SWIFT_VERSION = 5.0;
				TARGETED_DEVICE_FAMILY = "1,2";
				TEST_HOST = "$(BUILT_PRODUCTS_DIR)/MediaMagicMachineTest.app/MediaMagicMachineTest";
			};
			name = Debug;
		};
		39785F7C2408EC15002DCE2C /* Release */ = {
			isa = XCBuildConfiguration;
			buildSettings = {
				ALWAYS_EMBED_SWIFT_STANDARD_LIBRARIES = YES;
				BUNDLE_LOADER = "$(TEST_HOST)";
				CODE_SIGN_STYLE = Automatic;
				DEVELOPMENT_TEAM = 62Z9HRH9G6;
				INFOPLIST_FILE = MediaMagicMachineTestTests/Info.plist;
				IPHONEOS_DEPLOYMENT_TARGET = 13.0;
				LD_RUNPATH_SEARCH_PATHS = (
					"$(inherited)",
					"@executable_path/Frameworks",
					"@loader_path/Frameworks",
				);
				PRODUCT_BUNDLE_IDENTIFIER = Yantramatic.MediaMagicMachineTestTests;
				PRODUCT_NAME = "$(TARGET_NAME)";
				SWIFT_VERSION = 5.0;
				TARGETED_DEVICE_FAMILY = "1,2";
				TEST_HOST = "$(BUILT_PRODUCTS_DIR)/MediaMagicMachineTest.app/MediaMagicMachineTest";
			};
			name = Release;
		};
		39785F7E2408EC15002DCE2C /* Debug */ = {
			isa = XCBuildConfiguration;
			buildSettings = {
				ALWAYS_EMBED_SWIFT_STANDARD_LIBRARIES = YES;
				CODE_SIGN_STYLE = Automatic;
				DEVELOPMENT_TEAM = 62Z9HRH9G6;
				INFOPLIST_FILE = MediaMagicMachineTestUITests/Info.plist;
				LD_RUNPATH_SEARCH_PATHS = (
					"$(inherited)",
					"@executable_path/Frameworks",
					"@loader_path/Frameworks",
				);
				PRODUCT_BUNDLE_IDENTIFIER = Yantramatic.MediaMagicMachineTestUITests;
				PRODUCT_NAME = "$(TARGET_NAME)";
				SWIFT_VERSION = 5.0;
				TARGETED_DEVICE_FAMILY = "1,2";
				TEST_TARGET_NAME = MediaMagicMachineTest;
			};
			name = Debug;
		};
		39785F7F2408EC15002DCE2C /* Release */ = {
			isa = XCBuildConfiguration;
			buildSettings = {
				ALWAYS_EMBED_SWIFT_STANDARD_LIBRARIES = YES;
				CODE_SIGN_STYLE = Automatic;
				DEVELOPMENT_TEAM = 62Z9HRH9G6;
				INFOPLIST_FILE = MediaMagicMachineTestUITests/Info.plist;
				LD_RUNPATH_SEARCH_PATHS = (
					"$(inherited)",
					"@executable_path/Frameworks",
					"@loader_path/Frameworks",
				);
				PRODUCT_BUNDLE_IDENTIFIER = Yantramatic.MediaMagicMachineTestUITests;
				PRODUCT_NAME = "$(TARGET_NAME)";
				SWIFT_VERSION = 5.0;
				TARGETED_DEVICE_FAMILY = "1,2";
				TEST_TARGET_NAME = MediaMagicMachineTest;
			};
			name = Release;
		};
/* End XCBuildConfiguration section */

/* Begin XCConfigurationList section */
		39785F452408EC13002DCE2C /* Build configuration list for PBXProject "MediaMagicMachineTest" */ = {
			isa = XCConfigurationList;
			buildConfigurations = (
				39785F752408EC15002DCE2C /* Debug */,
				39785F762408EC15002DCE2C /* Release */,
			);
			defaultConfigurationIsVisible = 0;
			defaultConfigurationName = Release;
		};
		39785F772408EC15002DCE2C /* Build configuration list for PBXNativeTarget "MediaMagicMachineTest" */ = {
			isa = XCConfigurationList;
			buildConfigurations = (
				39785F782408EC15002DCE2C /* Debug */,
				39785F792408EC15002DCE2C /* Release */,
			);
			defaultConfigurationIsVisible = 0;
			defaultConfigurationName = Release;
		};
		39785F7A2408EC15002DCE2C /* Build configuration list for PBXNativeTarget "MediaMagicMachineTestTests" */ = {
			isa = XCConfigurationList;
			buildConfigurations = (
				39785F7B2408EC15002DCE2C /* Debug */,
				39785F7C2408EC15002DCE2C /* Release */,
			);
			defaultConfigurationIsVisible = 0;
			defaultConfigurationName = Release;
		};
		39785F7D2408EC15002DCE2C /* Build configuration list for PBXNativeTarget "MediaMagicMachineTestUITests" */ = {
			isa = XCConfigurationList;
			buildConfigurations = (
				39785F7E2408EC15002DCE2C /* Debug */,
				39785F7F2408EC15002DCE2C /* Release */,
			);
			defaultConfigurationIsVisible = 0;
			defaultConfigurationName = Release;
		};
/* End XCConfigurationList section */

/* Begin XCVersionGroup section */
		39785F562408EC13002DCE2C /* MediaMagicMachineTest.xcdatamodeld */ = {
			isa = XCVersionGroup;
			children = (
				39785F572408EC13002DCE2C /* MediaMagicMachineTest.xcdatamodel */,
			);
			currentVersion = 39785F572408EC13002DCE2C /* MediaMagicMachineTest.xcdatamodel */;
			path = MediaMagicMachineTest.xcdatamodeld;
			sourceTree = "<group>";
			versionGroupType = wrapper.xcdatamodel;
		};
/* End XCVersionGroup section */
	};
	rootObject = 39785F422408EC13002DCE2C /* Project object */;
}
